
Microsoft Visual Studio Solution File, Format Version 12.00
# Visual Studio Version 17
VisualStudioVersion = 17.11.35222.181
MinimumVisualStudioVersion = 10.0.40219.1
Project("{2150E333-8FDC-42A3-9474-1A3956D46DE8}") = "Domain", "Domain", "{EA9BE75C-EE95-4DE7-9633-78B68663B964}"
EndProject
Project("{2150E333-8FDC-42A3-9474-1A3956D46DE8}") = "Infrastructure", "Infrastructure", "{C2EC4AC1-01D6-461A-94C5-FB26B58EEA5C}"
EndProject
Project("{2150E333-8FDC-42A3-9474-1A3956D46DE8}") = "Presentation", "Presentation", "{B5FF5EAE-8B17-425A-A867-0E5D08758D05}"
EndProject
Project("{2150E333-8FDC-42A3-9474-1A3956D46DE8}") = "UIs", "UIs", "{D5DCA7F6-D28D-4E49-B3CB-5481C9BB4366}"
EndProject
Project("{9A19103F-16F7-4668-BE54-9A1E7A4F7556}") = "PropertiesInformation.Api", "PropertiesInformation.Api\PropertiesInformation.Api.csproj", "{00F6EE2A-2E3A-4ADE-8034-6C85FAE04E48}"
EndProject
Project("{9A19103F-16F7-4668-BE54-9A1E7A4F7556}") = "PropertiesInformation.ApiTests", "PropertiesInformation.ApiTests\PropertiesInformation.ApiTests.csproj", "{A8E4C08D-2848-4D7A-AD71-6DBD6E3838F4}"
EndProject
Project("{9A19103F-16F7-4668-BE54-9A1E7A4F7556}") = "PropertiesInformation.Infrastructure", "PropertiesInformation.Infrastructure\PropertiesInformation.Infrastructure.csproj", "{79440576-788D-40CB-9792-60B428804F1C}"
EndProject
Project("{9A19103F-16F7-4668-BE54-9A1E7A4F7556}") = "PropertiesInformation.Repositories", "PropertiesInformation.Repositories\PropertiesInformation.Repositories.csproj", "{9EAD621B-024A-4ABA-8C14-EFEC36CD95B4}"
EndProject
Project("{9A19103F-16F7-4668-BE54-9A1E7A4F7556}") = "PropertiesInformation.Domain", "PropertiesInformation.Domain\PropertiesInformation.Domain.csproj", "{39DD83B4-A529-4DCC-AF6D-6FFE394BE8F9}"
EndProject
Global
	GlobalSection(SolutionConfigurationPlatforms) = preSolution
		Debug|Any CPU = Debug|Any CPU
		Release|Any CPU = Release|Any CPU
	EndGlobalSection
	GlobalSection(ProjectConfigurationPlatforms) = postSolution
		{00F6EE2A-2E3A-4ADE-8034-6C85FAE04E48}.Debug|Any CPU.ActiveCfg = Debug|Any CPU
		{00F6EE2A-2E3A-4ADE-8034-6C85FAE04E48}.Debug|Any CPU.Build.0 = Debug|Any CPU
		{00F6EE2A-2E3A-4ADE-8034-6C85FAE04E48}.Release|Any CPU.ActiveCfg = Release|Any CPU
		{00F6EE2A-2E3A-4ADE-8034-6C85FAE04E48}.Release|Any CPU.Build.0 = Release|Any CPU
		{A8E4C08D-2848-4D7A-AD71-6DBD6E3838F4}.Debug|Any CPU.ActiveCfg = Debug|Any CPU
		{A8E4C08D-2848-4D7A-AD71-6DBD6E3838F4}.Debug|Any CPU.Build.0 = Debug|Any CPU
		{A8E4C08D-2848-4D7A-AD71-6DBD6E3838F4}.Release|Any CPU.ActiveCfg = Release|Any CPU
		{A8E4C08D-2848-4D7A-AD71-6DBD6E3838F4}.Release|Any CPU.Build.0 = Release|Any CPU
		{79440576-788D-40CB-9792-60B428804F1C}.Debug|Any CPU.ActiveCfg = Debug|Any CPU
		{79440576-788D-40CB-9792-60B428804F1C}.Debug|Any CPU.Build.0 = Debug|Any CPU
		{79440576-788D-40CB-9792-60B428804F1C}.Release|Any CPU.ActiveCfg = Release|Any CPU
		{79440576-788D-40CB-9792-60B428804F1C}.Release|Any CPU.Build.0 = Release|Any CPU
		{9EAD621B-024A-4ABA-8C14-EFEC36CD95B4}.Debug|Any CPU.ActiveCfg = Debug|Any CPU
		{9EAD621B-024A-4ABA-8C14-EFEC36CD95B4}.Debug|Any CPU.Build.0 = Debug|Any CPU
		{9EAD621B-024A-4ABA-8C14-EFEC36CD95B4}.Release|Any CPU.ActiveCfg = Release|Any CPU
		{9EAD621B-024A-4ABA-8C14-EFEC36CD95B4}.Release|Any CPU.Build.0 = Release|Any CPU
		{39DD83B4-A529-4DCC-AF6D-6FFE394BE8F9}.Debug|Any CPU.ActiveCfg = Debug|Any CPU
		{39DD83B4-A529-4DCC-AF6D-6FFE394BE8F9}.Debug|Any CPU.Build.0 = Debug|Any CPU
		{39DD83B4-A529-4DCC-AF6D-6FFE394BE8F9}.Release|Any CPU.ActiveCfg = Release|Any CPU
		{39DD83B4-A529-4DCC-AF6D-6FFE394BE8F9}.Release|Any CPU.Build.0 = Release|Any CPU
	EndGlobalSection
	GlobalSection(SolutionProperties) = preSolution
		HideSolutionNode = FALSE
	EndGlobalSection
	GlobalSection(NestedProjects) = preSolution
		{D5DCA7F6-D28D-4E49-B3CB-5481C9BB4366} = {B5FF5EAE-8B17-425A-A867-0E5D08758D05}
		{00F6EE2A-2E3A-4ADE-8034-6C85FAE04E48} = {D5DCA7F6-D28D-4E49-B3CB-5481C9BB4366}
		{A8E4C08D-2848-4D7A-AD71-6DBD6E3838F4} = {D5DCA7F6-D28D-4E49-B3CB-5481C9BB4366}
		{79440576-788D-40CB-9792-60B428804F1C} = {C2EC4AC1-01D6-461A-94C5-FB26B58EEA5C}
		{9EAD621B-024A-4ABA-8C14-EFEC36CD95B4} = {C2EC4AC1-01D6-461A-94C5-FB26B58EEA5C}
		{39DD83B4-A529-4DCC-AF6D-6FFE394BE8F9} = {EA9BE75C-EE95-4DE7-9633-78B68663B964}
	EndGlobalSection
	GlobalSection(ExtensibilityGlobals) = postSolution
		SolutionGuid = {11925CF5-3735-4F15-8E5A-C439B4C0E07C}
	EndGlobalSection
EndGlobal
